
Microsoft Visual Studio Solution File, Format Version 12.00
Project("{F2A71F9B-5D33-465A-A702-920D77279786}") = "Runner", "src\app\Runner\Runner.fsproj", "{62B04E27-0467-4FDC-920D-4433723D81B5}"
EndProject
Project("{F2A71F9B-5D33-465A-A702-920D77279786}") = "Day1", "src\lib\days\Day1\Day1.fsproj", "{39711D39-A1A9-4A8A-A7C4-7C6CEFDDAA56}"
EndProject
Project("{F2A71F9B-5D33-465A-A702-920D77279786}") = "AocReflection", "src\lib\AocReflection\AocReflection.fsproj", "{602A4F56-408E-46BB-A6B0-000C3204E715}"
EndProject
Project("{F2A71F9B-5D33-465A-A702-920D77279786}") = "Day2", "src\lib\days\Day2\Day2.fsproj", "{24B4B294-EEDA-4C03-9A54-2FE8E5295061}"
EndProject
Project("{F2A71F9B-5D33-465A-A702-920D77279786}") = "Day3", "src\lib\days\Day3\Day3.fsproj", "{2016C77B-00AB-42C5-A0D6-32E68F20C20E}"
EndProject
Project("{F2A71F9B-5D33-465A-A702-920D77279786}") = "Extensions", "src\lib\Extensions\Extensions.fsproj", "{810D0DDF-DCA6-45EE-A87F-2F8A191DB607}"
EndProject
Project("{F2A71F9B-5D33-465A-A702-920D77279786}") = "Generator", "src\app\Generator\Generator.fsproj", "{172A7F18-0D71-4247-AB25-BF88CD277299}"
EndProject
Project("{F2A71F9B-5D33-465A-A702-920D77279786}") = "Day4", "src\lib\days\Day4\Day4.fsproj", "{AF850C60-9BFC-49D7-9B06-4E9660ED070F}"
EndProject
Project("{F2A71F9B-5D33-465A-A702-920D77279786}") = "Day5", "src\lib\days\Day5\Day5.fsproj", "{68CFC7A4-8BA9-4AB4-925D-63C1F3A71419}"
EndProject
Project("{F2A71F9B-5D33-465A-A702-920D77279786}") = "Day6", "src\lib\days\Day6\Day6.fsproj", "{2F67BB5A-6311-46EE-8026-31C7C532762F}"
EndProject
Project("{F2A71F9B-5D33-465A-A702-920D77279786}") = "Day7", "src\lib\days\Day7\Day7.fsproj", "{2463F060-EE8A-4662-AADE-54B56BFC89A4}"
EndProject
Project("{F2A71F9B-5D33-465A-A702-920D77279786}") = "PatternMatching", "src\lib\PatternMatching\PatternMatching.fsproj", "{525B79D6-F162-41B6-9566-4794ECB60CA9}"
EndProject
Project("{F2A71F9B-5D33-465A-A702-920D77279786}") = "PatternMatchingTests", "src\lib\PatternMatchingTests\PatternMatchingTests.fsproj", "{39C4C5B8-77EC-4837-8B7C-5028DB4BEFA4}"
EndProject
Project("{F2A71F9B-5D33-465A-A702-920D77279786}") = "Day8", "src\lib\days\Day8\Day8.fsproj", "{AB792629-F46C-4DC2-B31D-08684EDAB4FD}"
EndProject
Project("{F2A71F9B-5D33-465A-A702-920D77279786}") = "Timer", "src\lib\Timer\Timer.fsproj", "{C14968C8-5585-40E9-A6B4-252589F6F279}"
EndProject
Project("{2150E333-8FDC-42A3-9474-1A3956D46DE8}") = "Days", "Days", "{50BA61C1-1FA6-4C48-AC44-0061410057FD}"
EndProject
Project("{2150E333-8FDC-42A3-9474-1A3956D46DE8}") = "Libraries", "Libraries", "{9C2CA9C3-8561-4CE5-A962-442C63EC4C27}"
EndProject
Project("{2150E333-8FDC-42A3-9474-1A3956D46DE8}") = "Apps", "Apps", "{C44EA864-C231-42EF-9AE3-C54599D18113}"
EndProject
Global
	GlobalSection(SolutionConfigurationPlatforms) = preSolution
		Debug|Any CPU = Debug|Any CPU
		Release|Any CPU = Release|Any CPU
	EndGlobalSection
	GlobalSection(ProjectConfigurationPlatforms) = postSolution
		{62B04E27-0467-4FDC-920D-4433723D81B5}.Debug|Any CPU.ActiveCfg = Debug|Any CPU
		{62B04E27-0467-4FDC-920D-4433723D81B5}.Debug|Any CPU.Build.0 = Debug|Any CPU
		{62B04E27-0467-4FDC-920D-4433723D81B5}.Release|Any CPU.ActiveCfg = Release|Any CPU
		{62B04E27-0467-4FDC-920D-4433723D81B5}.Release|Any CPU.Build.0 = Release|Any CPU
		{39711D39-A1A9-4A8A-A7C4-7C6CEFDDAA56}.Debug|Any CPU.ActiveCfg = Debug|Any CPU
		{39711D39-A1A9-4A8A-A7C4-7C6CEFDDAA56}.Debug|Any CPU.Build.0 = Debug|Any CPU
		{39711D39-A1A9-4A8A-A7C4-7C6CEFDDAA56}.Release|Any CPU.ActiveCfg = Release|Any CPU
		{39711D39-A1A9-4A8A-A7C4-7C6CEFDDAA56}.Release|Any CPU.Build.0 = Release|Any CPU
		{602A4F56-408E-46BB-A6B0-000C3204E715}.Debug|Any CPU.ActiveCfg = Debug|Any CPU
		{602A4F56-408E-46BB-A6B0-000C3204E715}.Debug|Any CPU.Build.0 = Debug|Any CPU
		{602A4F56-408E-46BB-A6B0-000C3204E715}.Release|Any CPU.ActiveCfg = Release|Any CPU
		{602A4F56-408E-46BB-A6B0-000C3204E715}.Release|Any CPU.Build.0 = Release|Any CPU
		{24B4B294-EEDA-4C03-9A54-2FE8E5295061}.Debug|Any CPU.ActiveCfg = Debug|Any CPU
		{24B4B294-EEDA-4C03-9A54-2FE8E5295061}.Debug|Any CPU.Build.0 = Debug|Any CPU
		{24B4B294-EEDA-4C03-9A54-2FE8E5295061}.Release|Any CPU.ActiveCfg = Release|Any CPU
		{24B4B294-EEDA-4C03-9A54-2FE8E5295061}.Release|Any CPU.Build.0 = Release|Any CPU
		{2016C77B-00AB-42C5-A0D6-32E68F20C20E}.Debug|Any CPU.ActiveCfg = Debug|Any CPU
		{2016C77B-00AB-42C5-A0D6-32E68F20C20E}.Debug|Any CPU.Build.0 = Debug|Any CPU
		{2016C77B-00AB-42C5-A0D6-32E68F20C20E}.Release|Any CPU.ActiveCfg = Release|Any CPU
		{2016C77B-00AB-42C5-A0D6-32E68F20C20E}.Release|Any CPU.Build.0 = Release|Any CPU
		{810D0DDF-DCA6-45EE-A87F-2F8A191DB607}.Debug|Any CPU.ActiveCfg = Debug|Any CPU
		{810D0DDF-DCA6-45EE-A87F-2F8A191DB607}.Debug|Any CPU.Build.0 = Debug|Any CPU
		{810D0DDF-DCA6-45EE-A87F-2F8A191DB607}.Release|Any CPU.ActiveCfg = Release|Any CPU
		{810D0DDF-DCA6-45EE-A87F-2F8A191DB607}.Release|Any CPU.Build.0 = Release|Any CPU
		{172A7F18-0D71-4247-AB25-BF88CD277299}.Debug|Any CPU.ActiveCfg = Debug|Any CPU
		{172A7F18-0D71-4247-AB25-BF88CD277299}.Debug|Any CPU.Build.0 = Debug|Any CPU
		{172A7F18-0D71-4247-AB25-BF88CD277299}.Release|Any CPU.ActiveCfg = Release|Any CPU
		{172A7F18-0D71-4247-AB25-BF88CD277299}.Release|Any CPU.Build.0 = Release|Any CPU
		{AF850C60-9BFC-49D7-9B06-4E9660ED070F}.Debug|Any CPU.ActiveCfg = Debug|Any CPU
		{AF850C60-9BFC-49D7-9B06-4E9660ED070F}.Debug|Any CPU.Build.0 = Debug|Any CPU
		{AF850C60-9BFC-49D7-9B06-4E9660ED070F}.Release|Any CPU.ActiveCfg = Release|Any CPU
		{AF850C60-9BFC-49D7-9B06-4E9660ED070F}.Release|Any CPU.Build.0 = Release|Any CPU
		{68CFC7A4-8BA9-4AB4-925D-63C1F3A71419}.Debug|Any CPU.ActiveCfg = Debug|Any CPU
		{68CFC7A4-8BA9-4AB4-925D-63C1F3A71419}.Debug|Any CPU.Build.0 = Debug|Any CPU
		{68CFC7A4-8BA9-4AB4-925D-63C1F3A71419}.Release|Any CPU.ActiveCfg = Release|Any CPU
		{68CFC7A4-8BA9-4AB4-925D-63C1F3A71419}.Release|Any CPU.Build.0 = Release|Any CPU
		{2F67BB5A-6311-46EE-8026-31C7C532762F}.Debug|Any CPU.ActiveCfg = Debug|Any CPU
		{2F67BB5A-6311-46EE-8026-31C7C532762F}.Debug|Any CPU.Build.0 = Debug|Any CPU
		{2F67BB5A-6311-46EE-8026-31C7C532762F}.Release|Any CPU.ActiveCfg = Release|Any CPU
		{2F67BB5A-6311-46EE-8026-31C7C532762F}.Release|Any CPU.Build.0 = Release|Any CPU
		{2463F060-EE8A-4662-AADE-54B56BFC89A4}.Debug|Any CPU.ActiveCfg = Debug|Any CPU
		{2463F060-EE8A-4662-AADE-54B56BFC89A4}.Debug|Any CPU.Build.0 = Debug|Any CPU
		{2463F060-EE8A-4662-AADE-54B56BFC89A4}.Release|Any CPU.ActiveCfg = Release|Any CPU
		{2463F060-EE8A-4662-AADE-54B56BFC89A4}.Release|Any CPU.Build.0 = Release|Any CPU
		{525B79D6-F162-41B6-9566-4794ECB60CA9}.Debug|Any CPU.ActiveCfg = Debug|Any CPU
		{525B79D6-F162-41B6-9566-4794ECB60CA9}.Debug|Any CPU.Build.0 = Debug|Any CPU
		{525B79D6-F162-41B6-9566-4794ECB60CA9}.Release|Any CPU.ActiveCfg = Release|Any CPU
		{525B79D6-F162-41B6-9566-4794ECB60CA9}.Release|Any CPU.Build.0 = Release|Any CPU
		{39C4C5B8-77EC-4837-8B7C-5028DB4BEFA4}.Debug|Any CPU.ActiveCfg = Debug|Any CPU
		{39C4C5B8-77EC-4837-8B7C-5028DB4BEFA4}.Debug|Any CPU.Build.0 = Debug|Any CPU
		{39C4C5B8-77EC-4837-8B7C-5028DB4BEFA4}.Release|Any CPU.ActiveCfg = Release|Any CPU
		{39C4C5B8-77EC-4837-8B7C-5028DB4BEFA4}.Release|Any CPU.Build.0 = Release|Any CPU
		{AB792629-F46C-4DC2-B31D-08684EDAB4FD}.Debug|Any CPU.ActiveCfg = Debug|Any CPU
		{AB792629-F46C-4DC2-B31D-08684EDAB4FD}.Debug|Any CPU.Build.0 = Debug|Any CPU
		{AB792629-F46C-4DC2-B31D-08684EDAB4FD}.Release|Any CPU.ActiveCfg = Release|Any CPU
		{AB792629-F46C-4DC2-B31D-08684EDAB4FD}.Release|Any CPU.Build.0 = Release|Any CPU
		{C14968C8-5585-40E9-A6B4-252589F6F279}.Debug|Any CPU.ActiveCfg = Debug|Any CPU
		{C14968C8-5585-40E9-A6B4-252589F6F279}.Debug|Any CPU.Build.0 = Debug|Any CPU
		{C14968C8-5585-40E9-A6B4-252589F6F279}.Release|Any CPU.ActiveCfg = Release|Any CPU
		{C14968C8-5585-40E9-A6B4-252589F6F279}.Release|Any CPU.Build.0 = Release|Any CPU
	EndGlobalSection
	GlobalSection(NestedProjects) = preSolution
		{39711D39-A1A9-4A8A-A7C4-7C6CEFDDAA56} = {50BA61C1-1FA6-4C48-AC44-0061410057FD}
		{2016C77B-00AB-42C5-A0D6-32E68F20C20E} = {50BA61C1-1FA6-4C48-AC44-0061410057FD}
		{24B4B294-EEDA-4C03-9A54-2FE8E5295061} = {50BA61C1-1FA6-4C48-AC44-0061410057FD}
		{AF850C60-9BFC-49D7-9B06-4E9660ED070F} = {50BA61C1-1FA6-4C48-AC44-0061410057FD}
		{68CFC7A4-8BA9-4AB4-925D-63C1F3A71419} = {50BA61C1-1FA6-4C48-AC44-0061410057FD}
		{2F67BB5A-6311-46EE-8026-31C7C532762F} = {50BA61C1-1FA6-4C48-AC44-0061410057FD}
		{2463F060-EE8A-4662-AADE-54B56BFC89A4} = {50BA61C1-1FA6-4C48-AC44-0061410057FD}
		{AB792629-F46C-4DC2-B31D-08684EDAB4FD} = {50BA61C1-1FA6-4C48-AC44-0061410057FD}
		{602A4F56-408E-46BB-A6B0-000C3204E715} = {9C2CA9C3-8561-4CE5-A962-442C63EC4C27}
		{810D0DDF-DCA6-45EE-A87F-2F8A191DB607} = {9C2CA9C3-8561-4CE5-A962-442C63EC4C27}
		{525B79D6-F162-41B6-9566-4794ECB60CA9} = {9C2CA9C3-8561-4CE5-A962-442C63EC4C27}
		{39C4C5B8-77EC-4837-8B7C-5028DB4BEFA4} = {9C2CA9C3-8561-4CE5-A962-442C63EC4C27}
		{C14968C8-5585-40E9-A6B4-252589F6F279} = {9C2CA9C3-8561-4CE5-A962-442C63EC4C27}
		{50BA61C1-1FA6-4C48-AC44-0061410057FD} = {9C2CA9C3-8561-4CE5-A962-442C63EC4C27}
		{172A7F18-0D71-4247-AB25-BF88CD277299} = {C44EA864-C231-42EF-9AE3-C54599D18113}
		{62B04E27-0467-4FDC-920D-4433723D81B5} = {C44EA864-C231-42EF-9AE3-C54599D18113}
	EndGlobalSection
EndGlobal
